
Microsoft Visual Studio Solution File, Format Version 12.00
# Visual Studio Version 17
VisualStudioVersion = 17.9.34723.18
MinimumVisualStudioVersion = 10.0.40219.1
Project("{9A19103F-16F7-4668-BE54-9A1E7A4F7556}") = "MauiAppExam", "MauiAppExam\MauiAppExam.csproj", "{5B497C82-EB9A-4C70-8C13-FD3EB472A979}"
EndProject
Project("{9A19103F-16F7-4668-BE54-9A1E7A4F7556}") = "MauiAppExam.API", "MauiAppExam.API\MauiAppExam.API.csproj", "{2E885DC3-C479-438C-A3D2-9D682E670B19}"
EndProject
Global
	GlobalSection(SolutionConfigurationPlatforms) = preSolution
		Debug|Any CPU = Debug|Any CPU
		Release|Any CPU = Release|Any CPU
	EndGlobalSection
	GlobalSection(ProjectConfigurationPlatforms) = postSolution
		{5B497C82-EB9A-4C70-8C13-FD3EB472A979}.Debug|Any CPU.ActiveCfg = Debug|Any CPU
		{5B497C82-EB9A-4C70-8C13-FD3EB472A979}.Debug|Any CPU.Build.0 = Debug|Any CPU
		{5B497C82-EB9A-4C70-8C13-FD3EB472A979}.Debug|Any CPU.Deploy.0 = Debug|Any CPU
		{5B497C82-EB9A-4C70-8C13-FD3EB472A979}.Release|Any CPU.ActiveCfg = Release|Any CPU
		{5B497C82-EB9A-4C70-8C13-FD3EB472A979}.Release|Any CPU.Build.0 = Release|Any CPU
		{5B497C82-EB9A-4C70-8C13-FD3EB472A979}.Release|Any CPU.Deploy.0 = Release|Any CPU
		{2E885DC3-C479-438C-A3D2-9D682E670B19}.Debug|Any CPU.ActiveCfg = Debug|Any CPU
		{2E885DC3-C479-438C-A3D2-9D682E670B19}.Debug|Any CPU.Build.0 = Debug|Any CPU
		{2E885DC3-C479-438C-A3D2-9D682E670B19}.Release|Any CPU.ActiveCfg = Release|Any CPU
		{2E885DC3-C479-438C-A3D2-9D682E670B19}.Release|Any CPU.Build.0 = Release|Any CPU
	EndGlobalSection
	GlobalSection(SolutionProperties) = preSolution
		HideSolutionNode = FALSE
	EndGlobalSection
	GlobalSection(ExtensibilityGlobals) = postSolution
		SolutionGuid = {19EC9B13-C5BB-4E89-9EA9-A71D23D2F188}
	EndGlobalSection
EndGlobal
